
Microsoft Visual Studio Solution File, Format Version 12.00
# Visual Studio Version 16
VisualStudioVersion = 16.0.32002.261
MinimumVisualStudioVersion = 10.0.40219.1
Project("{FAE04EC0-301F-11D3-BF4B-00C04F79EFBC}") = "RotuloForm", "RotuloForm\RotuloForm.csproj", "{F5348FFF-A664-49DE-BFDB-9BA4522A4C84}"
EndProject
Global
	GlobalSection(SolutionConfigurationPlatforms) = preSolution
		Debug|Any CPU = Debug|Any CPU
		Release|Any CPU = Release|Any CPU
	EndGlobalSection
	GlobalSection(ProjectConfigurationPlatforms) = postSolution
		{F5348FFF-A664-49DE-BFDB-9BA4522A4C84}.Debug|Any CPU.ActiveCfg = Debug|Any CPU
		{F5348FFF-A664-49DE-BFDB-9BA4522A4C84}.Debug|Any CPU.Build.0 = Debug|Any CPU
		{F5348FFF-A664-49DE-BFDB-9BA4522A4C84}.Release|Any CPU.ActiveCfg = Release|Any CPU
		{F5348FFF-A664-49DE-BFDB-9BA4522A4C84}.Release|Any CPU.Build.0 = Release|Any CPU
	EndGlobalSection
	GlobalSection(SolutionProperties) = preSolution
		HideSolutionNode = FALSE
	EndGlobalSection
	GlobalSection(ExtensibilityGlobals) = postSolution
		SolutionGuid = {4CB10AED-6454-41C1-870A-05E1B609B5A2}
	EndGlobalSection
EndGlobal
